
Microsoft Visual Studio Solution File, Format Version 12.00
# Visual Studio Version 17
VisualStudioVersion = 17.1.32210.238
MinimumVisualStudioVersion = 10.0.40219.1
Project("{8BC9CEB8-8B4A-11D0-8D11-00A0C91BC942}") = "Program", "Program\Program.vcxproj", "{2956871F-59E5-452B-A735-5B1639D90720}"
EndProject
Project("{8BC9CEB8-8B4A-11D0-8D11-00A0C91BC942}") = "Class1th (Single Linked List)", "Class1th (Single Linked List)\Class1th (Single Linked List).vcxproj", "{F7A73096-5030-4995-929C-7B787E0590BF}"
EndProject
Project("{8BC9CEB8-8B4A-11D0-8D11-00A0C91BC942}") = "Class2th (Double Linked Lsit)", "Class2th (Double Linked Lsit)\Class2th (Double Linked Lsit).vcxproj", "{C883D57E-222D-428E-82CC-9E541AEFC142}"
EndProject
Project("{8BC9CEB8-8B4A-11D0-8D11-00A0C91BC942}") = "Class3th (Circle Linked List)", "Class3th (Circle Linked List)\Class3th (Circle Linked List).vcxproj", "{0BCD3EEF-AE80-4E38-A768-8991C78A7A32}"
EndProject
Project("{8BC9CEB8-8B4A-11D0-8D11-00A0C91BC942}") = "Class4th (Stack)", "Class4th (Stack)\Class4th (Stack).vcxproj", "{7B631E2A-6A82-4C19-96EE-98F45A48550F}"
EndProject
Project("{8BC9CEB8-8B4A-11D0-8D11-00A0C91BC942}") = "Class5th (Linear Queue)", "Class5th (Linear Queue)\Class5th (Linear Queue).vcxproj", "{9D4E9325-F690-47E2-87D6-0429996B7528}"
EndProject
Project("{8BC9CEB8-8B4A-11D0-8D11-00A0C91BC942}") = "Class6th (Circle Queue)", "Class6th (Circle Queue)\Class6th (Circle Queue).vcxproj", "{D36DA6A7-484C-41DE-8621-E39B40282FCD}"
EndProject
Project("{8BC9CEB8-8B4A-11D0-8D11-00A0C91BC942}") = "Class7th (Vector)", "Class7th (Vector)\Class7th (Vector).vcxproj", "{21D4FEB5-EDE9-466A-888C-601ABB2942A3}"
EndProject
Project("{8BC9CEB8-8B4A-11D0-8D11-00A0C91BC942}") = "Class8th (String)", "Class8th (String)\Class8th (String).vcxproj", "{21A027EA-E9AD-4DD7-A5AD-BB2F7C3254FB}"
EndProject
Global
	GlobalSection(SolutionConfigurationPlatforms) = preSolution
		Debug|x64 = Debug|x64
		Debug|x86 = Debug|x86
		Release|x64 = Release|x64
		Release|x86 = Release|x86
	EndGlobalSection
	GlobalSection(ProjectConfigurationPlatforms) = postSolution
		{2956871F-59E5-452B-A735-5B1639D90720}.Debug|x64.ActiveCfg = Debug|x64
		{2956871F-59E5-452B-A735-5B1639D90720}.Debug|x64.Build.0 = Debug|x64
		{2956871F-59E5-452B-A735-5B1639D90720}.Debug|x86.ActiveCfg = Debug|Win32
		{2956871F-59E5-452B-A735-5B1639D90720}.Debug|x86.Build.0 = Debug|Win32
		{2956871F-59E5-452B-A735-5B1639D90720}.Release|x64.ActiveCfg = Release|x64
		{2956871F-59E5-452B-A735-5B1639D90720}.Release|x64.Build.0 = Release|x64
		{2956871F-59E5-452B-A735-5B1639D90720}.Release|x86.ActiveCfg = Release|Win32
		{2956871F-59E5-452B-A735-5B1639D90720}.Release|x86.Build.0 = Release|Win32
		{F7A73096-5030-4995-929C-7B787E0590BF}.Debug|x64.ActiveCfg = Debug|x64
		{F7A73096-5030-4995-929C-7B787E0590BF}.Debug|x64.Build.0 = Debug|x64
		{F7A73096-5030-4995-929C-7B787E0590BF}.Debug|x86.ActiveCfg = Debug|Win32
		{F7A73096-5030-4995-929C-7B787E0590BF}.Debug|x86.Build.0 = Debug|Win32
		{F7A73096-5030-4995-929C-7B787E0590BF}.Release|x64.ActiveCfg = Release|x64
		{F7A73096-5030-4995-929C-7B787E0590BF}.Release|x64.Build.0 = Release|x64
		{F7A73096-5030-4995-929C-7B787E0590BF}.Release|x86.ActiveCfg = Release|Win32
		{F7A73096-5030-4995-929C-7B787E0590BF}.Release|x86.Build.0 = Release|Win32
		{C883D57E-222D-428E-82CC-9E541AEFC142}.Debug|x64.ActiveCfg = Debug|x64
		{C883D57E-222D-428E-82CC-9E541AEFC142}.Debug|x64.Build.0 = Debug|x64
		{C883D57E-222D-428E-82CC-9E541AEFC142}.Debug|x86.ActiveCfg = Debug|Win32
		{C883D57E-222D-428E-82CC-9E541AEFC142}.Debug|x86.Build.0 = Debug|Win32
		{C883D57E-222D-428E-82CC-9E541AEFC142}.Release|x64.ActiveCfg = Release|x64
		{C883D57E-222D-428E-82CC-9E541AEFC142}.Release|x64.Build.0 = Release|x64
		{C883D57E-222D-428E-82CC-9E541AEFC142}.Release|x86.ActiveCfg = Release|Win32
		{C883D57E-222D-428E-82CC-9E541AEFC142}.Release|x86.Build.0 = Release|Win32
		{0BCD3EEF-AE80-4E38-A768-8991C78A7A32}.Debug|x64.ActiveCfg = Debug|x64
		{0BCD3EEF-AE80-4E38-A768-8991C78A7A32}.Debug|x64.Build.0 = Debug|x64
		{0BCD3EEF-AE80-4E38-A768-8991C78A7A32}.Debug|x86.ActiveCfg = Debug|Win32
		{0BCD3EEF-AE80-4E38-A768-8991C78A7A32}.Debug|x86.Build.0 = Debug|Win32
		{0BCD3EEF-AE80-4E38-A768-8991C78A7A32}.Release|x64.ActiveCfg = Release|x64
		{0BCD3EEF-AE80-4E38-A768-8991C78A7A32}.Release|x64.Build.0 = Release|x64
		{0BCD3EEF-AE80-4E38-A768-8991C78A7A32}.Release|x86.ActiveCfg = Release|Win32
		{0BCD3EEF-AE80-4E38-A768-8991C78A7A32}.Release|x86.Build.0 = Release|Win32
		{7B631E2A-6A82-4C19-96EE-98F45A48550F}.Debug|x64.ActiveCfg = Debug|x64
		{7B631E2A-6A82-4C19-96EE-98F45A48550F}.Debug|x64.Build.0 = Debug|x64
		{7B631E2A-6A82-4C19-96EE-98F45A48550F}.Debug|x86.ActiveCfg = Debug|Win32
		{7B631E2A-6A82-4C19-96EE-98F45A48550F}.Debug|x86.Build.0 = Debug|Win32
		{7B631E2A-6A82-4C19-96EE-98F45A48550F}.Release|x64.ActiveCfg = Release|x64
		{7B631E2A-6A82-4C19-96EE-98F45A48550F}.Release|x64.Build.0 = Release|x64
		{7B631E2A-6A82-4C19-96EE-98F45A48550F}.Release|x86.ActiveCfg = Release|Win32
		{7B631E2A-6A82-4C19-96EE-98F45A48550F}.Release|x86.Build.0 = Release|Win32
		{9D4E9325-F690-47E2-87D6-0429996B7528}.Debug|x64.ActiveCfg = Debug|x64
		{9D4E9325-F690-47E2-87D6-0429996B7528}.Debug|x64.Build.0 = Debug|x64
		{9D4E9325-F690-47E2-87D6-0429996B7528}.Debug|x86.ActiveCfg = Debug|Win32
		{9D4E9325-F690-47E2-87D6-0429996B7528}.Debug|x86.Build.0 = Debug|Win32
		{9D4E9325-F690-47E2-87D6-0429996B7528}.Release|x64.ActiveCfg = Release|x64
		{9D4E9325-F690-47E2-87D6-0429996B7528}.Release|x64.Build.0 = Release|x64
		{9D4E9325-F690-47E2-87D6-0429996B7528}.Release|x86.ActiveCfg = Release|Win32
		{9D4E9325-F690-47E2-87D6-0429996B7528}.Release|x86.Build.0 = Release|Win32
		{D36DA6A7-484C-41DE-8621-E39B40282FCD}.Debug|x64.ActiveCfg = Debug|x64
		{D36DA6A7-484C-41DE-8621-E39B40282FCD}.Debug|x64.Build.0 = Debug|x64
		{D36DA6A7-484C-41DE-8621-E39B40282FCD}.Debug|x86.ActiveCfg = Debug|Win32
		{D36DA6A7-484C-41DE-8621-E39B40282FCD}.Debug|x86.Build.0 = Debug|Win32
		{D36DA6A7-484C-41DE-8621-E39B40282FCD}.Release|x64.ActiveCfg = Release|x64
		{D36DA6A7-484C-41DE-8621-E39B40282FCD}.Release|x64.Build.0 = Release|x64
		{D36DA6A7-484C-41DE-8621-E39B40282FCD}.Release|x86.ActiveCfg = Release|Win32
		{D36DA6A7-484C-41DE-8621-E39B40282FCD}.Release|x86.Build.0 = Release|Win32
		{21D4FEB5-EDE9-466A-888C-601ABB2942A3}.Debug|x64.ActiveCfg = Debug|x64
		{21D4FEB5-EDE9-466A-888C-601ABB2942A3}.Debug|x64.Build.0 = Debug|x64
		{21D4FEB5-EDE9-466A-888C-601ABB2942A3}.Debug|x86.ActiveCfg = Debug|Win32
		{21D4FEB5-EDE9-466A-888C-601ABB2942A3}.Debug|x86.Build.0 = Debug|Win32
		{21D4FEB5-EDE9-466A-888C-601ABB2942A3}.Release|x64.ActiveCfg = Release|x64
		{21D4FEB5-EDE9-466A-888C-601ABB2942A3}.Release|x64.Build.0 = Release|x64
		{21D4FEB5-EDE9-466A-888C-601ABB2942A3}.Release|x86.ActiveCfg = Release|Win32
		{21D4FEB5-EDE9-466A-888C-601ABB2942A3}.Release|x86.Build.0 = Release|Win32
		{21A027EA-E9AD-4DD7-A5AD-BB2F7C3254FB}.Debug|x64.ActiveCfg = Debug|x64
		{21A027EA-E9AD-4DD7-A5AD-BB2F7C3254FB}.Debug|x64.Build.0 = Debug|x64
		{21A027EA-E9AD-4DD7-A5AD-BB2F7C3254FB}.Debug|x86.ActiveCfg = Debug|Win32
		{21A027EA-E9AD-4DD7-A5AD-BB2F7C3254FB}.Debug|x86.Build.0 = Debug|Win32
		{21A027EA-E9AD-4DD7-A5AD-BB2F7C3254FB}.Release|x64.ActiveCfg = Release|x64
		{21A027EA-E9AD-4DD7-A5AD-BB2F7C3254FB}.Release|x64.Build.0 = Release|x64
		{21A027EA-E9AD-4DD7-A5AD-BB2F7C3254FB}.Release|x86.ActiveCfg = Release|Win32
		{21A027EA-E9AD-4DD7-A5AD-BB2F7C3254FB}.Release|x86.Build.0 = Release|Win32
	EndGlobalSection
	GlobalSection(SolutionProperties) = preSolution
		HideSolutionNode = FALSE
	EndGlobalSection
	GlobalSection(ExtensibilityGlobals) = postSolution
		SolutionGuid = {61A27CE1-165A-4BA7-A5B7-30EBD153F847}
	EndGlobalSection
EndGlobal
